
Microsoft Visual Studio Solution File, Format Version 12.00
# Visual Studio Version 16
VisualStudioVersion = 16.0.29215.179
MinimumVisualStudioVersion = 10.0.40219.1
Project("{FAE04EC0-301F-11D3-BF4B-00C04F79EFBC}") = "Piano_1", "Piano_1.csproj", "{2F3AA302-9CC1-4912-8057-2BD10744E370}"
EndProject
Global
	GlobalSection(SolutionConfigurationPlatforms) = preSolution
		Debug|Any CPU = Debug|Any CPU
		Release|Any CPU = Release|Any CPU
	EndGlobalSection
	GlobalSection(ProjectConfigurationPlatforms) = postSolution
		{2F3AA302-9CC1-4912-8057-2BD10744E370}.Debug|Any CPU.ActiveCfg = Debug|Any CPU
		{2F3AA302-9CC1-4912-8057-2BD10744E370}.Debug|Any CPU.Build.0 = Debug|Any CPU
		{2F3AA302-9CC1-4912-8057-2BD10744E370}.Release|Any CPU.ActiveCfg = Release|Any CPU
		{2F3AA302-9CC1-4912-8057-2BD10744E370}.Release|Any CPU.Build.0 = Release|Any CPU
	EndGlobalSection
	GlobalSection(SolutionProperties) = preSolution
		HideSolutionNode = FALSE
	EndGlobalSection
	GlobalSection(ExtensibilityGlobals) = postSolution
		SolutionGuid = {9F15FB71-5905-493B-BEFD-5D29FC997101}
	EndGlobalSection
EndGlobal
